
Microsoft Visual Studio Solution File, Format Version 12.00
Project("{FAE04EC0-301F-11D3-BF4B-00C04F79EFBC}") = "catto", "catto.csproj", "{D838FF20-6B88-4186-9B8E-B4BA8203A5D5}"
EndProject
Global
	GlobalSection(SolutionConfigurationPlatforms) = preSolution
		Debug|Any CPU = Debug|Any CPU
		Release|Any CPU = Release|Any CPU
	EndGlobalSection
	GlobalSection(ProjectConfigurationPlatforms) = postSolution
		{D838FF20-6B88-4186-9B8E-B4BA8203A5D5}.Debug|Any CPU.ActiveCfg = Debug|Any CPU
		{D838FF20-6B88-4186-9B8E-B4BA8203A5D5}.Debug|Any CPU.Build.0 = Debug|Any CPU
		{D838FF20-6B88-4186-9B8E-B4BA8203A5D5}.Release|Any CPU.ActiveCfg = Release|Any CPU
		{D838FF20-6B88-4186-9B8E-B4BA8203A5D5}.Release|Any CPU.Build.0 = Release|Any CPU
	EndGlobalSection
EndGlobal
